<?xml version="1.0" encoding="utf-8"?>
<Project ToolsVersion="4.0" xmlns="http://schemas.microsoft.com/developer/msbuild/2003">
  <ItemGroup>
    <Filter Include="源文件">
      <UniqueIdentifier>{4FC737F1-C7A5-4376-A066-2A32D752A2FF}</UniqueIdentifier>
      <Extensions>cpp;c;cc;cxx;c++;cppm;ixx;def;odl;idl;hpj;bat;asm;asmx</Extensions>
    </Filter>
    <Filter Include="头文件">
      <UniqueIdentifier>{93995380-89BD-4b04-88EB-625FBE52EBFB}</UniqueIdentifier>
      <Extensions>h;hh;hpp;hxx;h++;hm;inl;inc;ipp;xsd</Extensions>
    </Filter>
    <Filter Include="资源文件">
      <UniqueIdentifier>{67DA6AB6-F800-4c08-8B7A-83BB121AAD01}</UniqueIdentifier>
      <Extensions>rc;ico;cur;bmp;dlg;rc2;rct;bin;rgs;gif;jpg;jpeg;jpe;resx;tiff;tif;png;wav;mfcribbon-ms</Extensions>
    </Filter>
    <Filter Include="yolo">
      <UniqueIdentifier>{d0cea581-49a3-4d0d-8b60-94b5a2bca9d2}</UniqueIdentifier>
    </Filter>
  </ItemGroup>
  <ItemGroup>
    <ClCompile Include="Vision_Guide_Test.cpp">
      <Filter>源文件</Filter>
    </ClCompile>
    <ClCompile Include="MultiFramePoseAverager.cpp">
      <Filter>源文件</Filter>
    </ClCompile>
    <ClCompile Include="RealImageFeatureDetector.cpp">
      <Filter>源文件</Filter>
    </ClCompile>
    <ClCompile Include="PoseSolver.cpp">
      <Filter>源文件</Filter>
    </ClCompile>
    <ClCompile Include="TraditionalDetector.cpp">
      <Filter>yolo</Filter>
    </ClCompile>
    <ClCompile Include="YoloDectector.cpp">
      <Filter>yolo</Filter>
    </ClCompile>
  </ItemGroup>
  <ItemGroup>
    <ClInclude Include="MultiFramePoseAverager.h">
      <Filter>头文件</Filter>
    </ClInclude>
    <ClInclude Include="RealImageFeatureDetector.h">
      <Filter>头文件</Filter>
    </ClInclude>
    <ClInclude Include="PoseSolver.h">
      <Filter>头文件</Filter>
    </ClInclude>
    <ClInclude Include="FeatureDetectorBase.h">
      <Filter>yolo</Filter>
    </ClInclude>
    <ClInclude Include="TraditionalDetector.h">
      <Filter>yolo</Filter>
    </ClInclude>
    <ClInclude Include="YoloDetector.h">
      <Filter>yolo</Filter>
    </ClInclude>
  </ItemGroup>
</Project>